
Microsoft Visual Studio Solution File, Format Version 12.00
# Visual Studio Version 17
VisualStudioVersion = 17.3.32825.248
MinimumVisualStudioVersion = 10.0.40219.1
Project("{FAE04EC0-301F-11D3-BF4B-00C04F79EFBC}") = "ChallengeDiWork", "ChallengeDiWork\ChallengeDiWork.csproj", "{2C648D39-7DAB-470C-9979-9AEE7788F8C8}"
EndProject
Project("{FAE04EC0-301F-11D3-BF4B-00C04F79EFBC}") = "Modelo", "Modelo\Modelo.csproj", "{2473D38F-41FF-479A-86A0-5BF251A7E08A}"
EndProject
Project("{FAE04EC0-301F-11D3-BF4B-00C04F79EFBC}") = "Logica", "Logica\Logica.csproj", "{35636850-2EF6-4E4A-866F-DBD17DD4CF60}"
EndProject
Project("{FAE04EC0-301F-11D3-BF4B-00C04F79EFBC}") = "Persistencia", "Persistencia\Persistencia.csproj", "{86FEC706-4CD4-4D94-8AAD-E1611235799D}"
EndProject
Global
	GlobalSection(SolutionConfigurationPlatforms) = preSolution
		Debug|Any CPU = Debug|Any CPU
		Release|Any CPU = Release|Any CPU
	EndGlobalSection
	GlobalSection(ProjectConfigurationPlatforms) = postSolution
		{2C648D39-7DAB-470C-9979-9AEE7788F8C8}.Debug|Any CPU.ActiveCfg = Debug|Any CPU
		{2C648D39-7DAB-470C-9979-9AEE7788F8C8}.Debug|Any CPU.Build.0 = Debug|Any CPU
		{2C648D39-7DAB-470C-9979-9AEE7788F8C8}.Release|Any CPU.ActiveCfg = Release|Any CPU
		{2C648D39-7DAB-470C-9979-9AEE7788F8C8}.Release|Any CPU.Build.0 = Release|Any CPU
		{2473D38F-41FF-479A-86A0-5BF251A7E08A}.Debug|Any CPU.ActiveCfg = Debug|Any CPU
		{2473D38F-41FF-479A-86A0-5BF251A7E08A}.Debug|Any CPU.Build.0 = Debug|Any CPU
		{2473D38F-41FF-479A-86A0-5BF251A7E08A}.Release|Any CPU.ActiveCfg = Release|Any CPU
		{2473D38F-41FF-479A-86A0-5BF251A7E08A}.Release|Any CPU.Build.0 = Release|Any CPU
		{35636850-2EF6-4E4A-866F-DBD17DD4CF60}.Debug|Any CPU.ActiveCfg = Debug|Any CPU
		{35636850-2EF6-4E4A-866F-DBD17DD4CF60}.Debug|Any CPU.Build.0 = Debug|Any CPU
		{35636850-2EF6-4E4A-866F-DBD17DD4CF60}.Release|Any CPU.ActiveCfg = Release|Any CPU
		{35636850-2EF6-4E4A-866F-DBD17DD4CF60}.Release|Any CPU.Build.0 = Release|Any CPU
		{86FEC706-4CD4-4D94-8AAD-E1611235799D}.Debug|Any CPU.ActiveCfg = Debug|Any CPU
		{86FEC706-4CD4-4D94-8AAD-E1611235799D}.Debug|Any CPU.Build.0 = Debug|Any CPU
		{86FEC706-4CD4-4D94-8AAD-E1611235799D}.Release|Any CPU.ActiveCfg = Release|Any CPU
		{86FEC706-4CD4-4D94-8AAD-E1611235799D}.Release|Any CPU.Build.0 = Release|Any CPU
	EndGlobalSection
	GlobalSection(SolutionProperties) = preSolution
		HideSolutionNode = FALSE
	EndGlobalSection
	GlobalSection(ExtensibilityGlobals) = postSolution
		SolutionGuid = {C287CEFD-6F22-4E8D-AF4F-76D47E5324D6}
	EndGlobalSection
EndGlobal
